
Microsoft Visual Studio Solution File, Format Version 12.00
# Visual Studio Version 17
VisualStudioVersion = 17.5.002.0
MinimumVisualStudioVersion = 10.0.40219.1
Project("{9A19103F-16F7-4668-BE54-9A1E7A4F7556}") = "api", "api\api.csproj", "{F0F2E6AE-E94B-4BC6-9133-0AB8F6A9AE62}"
EndProject
Global
	GlobalSection(SolutionConfigurationPlatforms) = preSolution
		Debug|Any CPU = Debug|Any CPU
		Release|Any CPU = Release|Any CPU
	EndGlobalSection
	GlobalSection(ProjectConfigurationPlatforms) = postSolution
		{F0F2E6AE-E94B-4BC6-9133-0AB8F6A9AE62}.Debug|Any CPU.ActiveCfg = Debug|Any CPU
		{F0F2E6AE-E94B-4BC6-9133-0AB8F6A9AE62}.Debug|Any CPU.Build.0 = Debug|Any CPU
		{F0F2E6AE-E94B-4BC6-9133-0AB8F6A9AE62}.Release|Any CPU.ActiveCfg = Release|Any CPU
		{F0F2E6AE-E94B-4BC6-9133-0AB8F6A9AE62}.Release|Any CPU.Build.0 = Release|Any CPU
	EndGlobalSection
	GlobalSection(SolutionProperties) = preSolution
		HideSolutionNode = FALSE
	EndGlobalSection
	GlobalSection(ExtensibilityGlobals) = postSolution
		SolutionGuid = {1B04FAA5-D083-4C33-AD27-943AA2172B69}
	EndGlobalSection
EndGlobal
